
Microsoft Visual Studio Solution File, Format Version 12.00
# Visual Studio 15
VisualStudioVersion = 15.0.28010.2026
MinimumVisualStudioVersion = 10.0.40219.1
Project("{9A19103F-16F7-4668-BE54-9A1E7A4F7556}") = "VideoIndexer", "VideoIndexer\VideoIndexer.csproj", "{82942CCB-8DF0-4A76-99DF-448187A46238}"
EndProject
Project("{9A19103F-16F7-4668-BE54-9A1E7A4F7556}") = "ComputerVisionOCR", "ComputerVisionOCR\ComputerVisionOCR.csproj", "{D30769B3-4A86-4A59-A2A9-C0932620D4D1}"
EndProject
Project("{9A19103F-16F7-4668-BE54-9A1E7A4F7556}") = "ComputerVisionImgAnalyze", "ComputerVisionImgAnalyze\ComputerVisionImgAnalyze.csproj", "{AF292F53-A137-4670-96C9-FEC09FB92F6E}"
EndProject
Project("{FAE04EC0-301F-11D3-BF4B-00C04F79EFBC}") = "TextToSpeech", "TextToSpeech\TextToSpeech.csproj", "{1BCCF847-DD78-4688-BC1A-AA6C3E9F1983}"
EndProject
Project("{FAE04EC0-301F-11D3-BF4B-00C04F79EFBC}") = "SpeechToText", "SpeechToText\SpeechToText.csproj", "{40500B41-51DB-4BB9-846E-48E50030C70E}"
EndProject
Global
	GlobalSection(SolutionConfigurationPlatforms) = preSolution
		Debug|Any CPU = Debug|Any CPU
		Release|Any CPU = Release|Any CPU
	EndGlobalSection
	GlobalSection(ProjectConfigurationPlatforms) = postSolution
		{82942CCB-8DF0-4A76-99DF-448187A46238}.Debug|Any CPU.ActiveCfg = Debug|Any CPU
		{82942CCB-8DF0-4A76-99DF-448187A46238}.Debug|Any CPU.Build.0 = Debug|Any CPU
		{82942CCB-8DF0-4A76-99DF-448187A46238}.Release|Any CPU.ActiveCfg = Release|Any CPU
		{82942CCB-8DF0-4A76-99DF-448187A46238}.Release|Any CPU.Build.0 = Release|Any CPU
		{D30769B3-4A86-4A59-A2A9-C0932620D4D1}.Debug|Any CPU.ActiveCfg = Debug|Any CPU
		{D30769B3-4A86-4A59-A2A9-C0932620D4D1}.Debug|Any CPU.Build.0 = Debug|Any CPU
		{D30769B3-4A86-4A59-A2A9-C0932620D4D1}.Release|Any CPU.ActiveCfg = Release|Any CPU
		{D30769B3-4A86-4A59-A2A9-C0932620D4D1}.Release|Any CPU.Build.0 = Release|Any CPU
		{AF292F53-A137-4670-96C9-FEC09FB92F6E}.Debug|Any CPU.ActiveCfg = Debug|Any CPU
		{AF292F53-A137-4670-96C9-FEC09FB92F6E}.Debug|Any CPU.Build.0 = Debug|Any CPU
		{AF292F53-A137-4670-96C9-FEC09FB92F6E}.Release|Any CPU.ActiveCfg = Release|Any CPU
		{AF292F53-A137-4670-96C9-FEC09FB92F6E}.Release|Any CPU.Build.0 = Release|Any CPU
		{1BCCF847-DD78-4688-BC1A-AA6C3E9F1983}.Debug|Any CPU.ActiveCfg = Debug|Any CPU
		{1BCCF847-DD78-4688-BC1A-AA6C3E9F1983}.Debug|Any CPU.Build.0 = Debug|Any CPU
		{1BCCF847-DD78-4688-BC1A-AA6C3E9F1983}.Release|Any CPU.ActiveCfg = Release|Any CPU
		{1BCCF847-DD78-4688-BC1A-AA6C3E9F1983}.Release|Any CPU.Build.0 = Release|Any CPU
		{40500B41-51DB-4BB9-846E-48E50030C70E}.Debug|Any CPU.ActiveCfg = Debug|Any CPU
		{40500B41-51DB-4BB9-846E-48E50030C70E}.Debug|Any CPU.Build.0 = Debug|Any CPU
		{40500B41-51DB-4BB9-846E-48E50030C70E}.Release|Any CPU.ActiveCfg = Release|Any CPU
		{40500B41-51DB-4BB9-846E-48E50030C70E}.Release|Any CPU.Build.0 = Release|Any CPU
	EndGlobalSection
	GlobalSection(SolutionProperties) = preSolution
		HideSolutionNode = FALSE
	EndGlobalSection
	GlobalSection(ExtensibilityGlobals) = postSolution
		SolutionGuid = {C0ED05A1-8599-45F8-934F-94DADE5D00AE}
	EndGlobalSection
EndGlobal
